
Microsoft Visual Studio Solution File, Format Version 12.00
# Visual Studio Version 16
VisualStudioVersion = 16.0.29926.136
MinimumVisualStudioVersion = 10.0.40219.1
Project("{FAE04EC0-301F-11D3-BF4B-00C04F79EFBC}") = "Confluent.Kafka.Tool", "Confluent.Kafka.Tool.csproj", "{68352C63-4843-4B56-AF1A-C6CFB5F4A564}"
EndProject
Global
	GlobalSection(SolutionConfigurationPlatforms) = preSolution
		Debug|Any CPU = Debug|Any CPU
		Release|Any CPU = Release|Any CPU
	EndGlobalSection
	GlobalSection(ProjectConfigurationPlatforms) = postSolution
		{68352C63-4843-4B56-AF1A-C6CFB5F4A564}.Debug|Any CPU.ActiveCfg = Debug|Any CPU
		{68352C63-4843-4B56-AF1A-C6CFB5F4A564}.Debug|Any CPU.Build.0 = Debug|Any CPU
		{68352C63-4843-4B56-AF1A-C6CFB5F4A564}.Release|Any CPU.ActiveCfg = Release|Any CPU
		{68352C63-4843-4B56-AF1A-C6CFB5F4A564}.Release|Any CPU.Build.0 = Release|Any CPU
	EndGlobalSection
	GlobalSection(SolutionProperties) = preSolution
		HideSolutionNode = FALSE
	EndGlobalSection
	GlobalSection(ExtensibilityGlobals) = postSolution
		SolutionGuid = {6DEDDEC8-93AB-4F74-BC3D-002F15E355BE}
	EndGlobalSection
EndGlobal
