
Microsoft Visual Studio Solution File, Format Version 12.00
# Visual Studio Version 16
VisualStudioVersion = 16.0.29503.13
MinimumVisualStudioVersion = 10.0.40219.1
Project("{FAE04EC0-301F-11D3-BF4B-00C04F79EFBC}") = "CSRedisTool", "CSRedisTool.csproj", "{39D59807-23EF-48EA-B8DD-EC82A0ABDA2A}"
EndProject
Global
	GlobalSection(SolutionConfigurationPlatforms) = preSolution
		Debug|Any CPU = Debug|Any CPU
		Release|Any CPU = Release|Any CPU
	EndGlobalSection
	GlobalSection(ProjectConfigurationPlatforms) = postSolution
		{39D59807-23EF-48EA-B8DD-EC82A0ABDA2A}.Debug|Any CPU.ActiveCfg = Debug|Any CPU
		{39D59807-23EF-48EA-B8DD-EC82A0ABDA2A}.Debug|Any CPU.Build.0 = Debug|Any CPU
		{39D59807-23EF-48EA-B8DD-EC82A0ABDA2A}.Release|Any CPU.ActiveCfg = Release|Any CPU
		{39D59807-23EF-48EA-B8DD-EC82A0ABDA2A}.Release|Any CPU.Build.0 = Release|Any CPU
	EndGlobalSection
	GlobalSection(SolutionProperties) = preSolution
		HideSolutionNode = FALSE
	EndGlobalSection
	GlobalSection(ExtensibilityGlobals) = postSolution
		SolutionGuid = {360047EB-B29D-418B-9CF9-AB94AF275C59}
	EndGlobalSection
EndGlobal
